// !$*UTF8*$!
{
	archiveVersion = 1;
	classes = {
	};
	objectVersion = 50;
	objects = {

/* Begin PBXBuildFile section */
		37717F0922DE1D3D000B8A0B /* AppDelegate.swift in Sources */ = {isa = PBXBuildFile; fileRef = 37717F0822DE1D3D000B8A0B /* AppDelegate.swift */; };
		37717F0B22DE1D3D000B8A0B /* art.scnassets in Resources */ = {isa = PBXBuildFile; fileRef = 37717F0A22DE1D3D000B8A0B /* art.scnassets */; };
		37717F0D22DE1D3D000B8A0B /* ViewController.swift in Sources */ = {isa = PBXBuildFile; fileRef = 37717F0C22DE1D3D000B8A0B /* ViewController.swift */; };
		37717F1022DE1D3D000B8A0B /* Main.storyboard in Resources */ = {isa = PBXBuildFile; fileRef = 37717F0E22DE1D3D000B8A0B /* Main.storyboard */; };
		37717F1222DE1D3D000B8A0B /* Assets.xcassets in Resources */ = {isa = PBXBuildFile; fileRef = 37717F1122DE1D3D000B8A0B /* Assets.xcassets */; };
		37717F1522DE1D3D000B8A0B /* LaunchScreen.storyboard in Resources */ = {isa = PBXBuildFile; fileRef = 37717F1322DE1D3D000B8A0B /* LaunchScreen.storyboard */; };
/* End PBXBuildFile section */

/* Begin PBXFileReference section */
		37717F0522DE1D3D000B8A0B /* PokemonAR.app */ = {isa = PBXFileReference; explicitFileType = wrapper.application; includeInIndex = 0; path = PokemonAR.app; sourceTree = BUILT_PRODUCTS_DIR; };
		37717F0822DE1D3D000B8A0B /* AppDelegate.swift */ = {isa = PBXFileReference; lastKnownFileType = sourcecode.swift; path = AppDelegate.swift; sourceTree = "<group>"; };
		37717F0A22DE1D3D000B8A0B /* art.scnassets */ = {isa = PBXFileReference; lastKnownFileType = wrapper.scnassets; path = art.scnassets; sourceTree = "<group>"; };
		37717F0C22DE1D3D000B8A0B /* ViewController.swift */ = {isa = PBXFileReference; lastKnownFileType = sourcecode.swift; path = ViewController.swift; sourceTree = "<group>"; };
		37717F0F22DE1D3D000B8A0B /* Base */ = {isa = PBXFileReference; lastKnownFileType = file.storyboard; name = Base; path = Base.lproj/Main.storyboard; sourceTree = "<group>"; };
		37717F1122DE1D3D000B8A0B /* Assets.xcassets */ = {isa = PBXFileReference; lastKnownFileType = folder.assetcatalog; path = Assets.xcassets; sourceTree = "<group>"; };
		37717F1422DE1D3D000B8A0B /* Base */ = {isa = PBXFileReference; lastKnownFileType = file.storyboard; name = Base; path = Base.lproj/LaunchScreen.storyboard; sourceTree = "<group>"; };
		37717F1622DE1D3D000B8A0B /* Info.plist */ = {isa = PBXFileReference; lastKnownFileType = text.plist.xml; path = Info.plist; sourceTree = "<group>"; };
/* End PBXFileReference section */

/* Begin PBXFrameworksBuildPhase section */
		37717F0222DE1D3D000B8A0B /* Frameworks */ = {
			isa = PBXFrameworksBuildPhase;
			buildActionMask = 2147483647;
			files = (
			);
			runOnlyForDeploymentPostprocessing = 0;
		};
/* End PBXFrameworksBuildPhase section */

/* Begin PBXGroup section */
		37717EFC22DE1D3D000B8A0B = {
			isa = PBXGroup;
			children = (
				37717F0722DE1D3D000B8A0B /* PokemonAR */,
				37717F0622DE1D3D000B8A0B /* Products */,
			);
			sourceTree = "<group>";
		};
		37717F0622DE1D3D000B8A0B /* Products */ = {
			isa = PBXGroup;
			children = (
				37717F0522DE1D3D000B8A0B /* PokemonAR.app */,
			);
			name = Products;
			sourceTree = "<group>";
		};
		37717F0722DE1D3D000B8A0B /* PokemonAR */ = {
			isa = PBXGroup;
			children = (
				37717F0822DE1D3D000B8A0B /* AppDelegate.swift */,
				37717F0A22DE1D3D000B8A0B /* art.scnassets */,
				37717F0C22DE1D3D000B8A0B /* ViewController.swift */,
				37717F0E22DE1D3D000B8A0B /* Main.storyboard */,
				37717F1122DE1D3D000B8A0B /* Assets.xcassets */,
				37717F1322DE1D3D000B8A0B /* LaunchScreen.storyboard */,
				37717F1622DE1D3D000B8A0B /* Info.plist */,
			);
			path = PokemonAR;
			sourceTree = "<group>";
		};
/* End PBXGroup section */

/* Begin PBXNativeTarget section */
		37717F0422DE1D3D000B8A0B /* PokemonAR */ = {
			isa = PBXNativeTarget;
			buildConfigurationList = 37717F1922DE1D3D000B8A0B /* Build configuration list for PBXNativeTarget "PokemonAR" */;
			buildPhases = (
				37717F0122DE1D3D000B8A0B /* Sources */,
				37717F0222DE1D3D000B8A0B /* Frameworks */,
				37717F0322DE1D3D000B8A0B /* Resources */,
			);
			buildRules = (
			);
			dependencies = (
			);
			name = PokemonAR;
			productName = PokemonAR;
			productReference = 37717F0522DE1D3D000B8A0B /* PokemonAR.app */;
			productType = "com.apple.product-type.application";
		};
/* End PBXNativeTarget section */

/* Begin PBXProject section */
		37717EFD22DE1D3D000B8A0B /* Project object */ = {
			isa = PBXProject;
			attributes = {
				LastSwiftUpdateCheck = 1010;
				LastUpgradeCheck = 1010;
				ORGANIZATIONNAME = IZUMIRU;
				TargetAttributes = {
					37717F0422DE1D3D000B8A0B = {
						CreatedOnToolsVersion = 10.1;
					};
				};
			};
			buildConfigurationList = 37717F0022DE1D3D000B8A0B /* Build configuration list for PBXProject "PokemonAR" */;
			compatibilityVersion = "Xcode 9.3";
			developmentRegion = en;
			hasScannedForEncodings = 0;
			knownRegions = (
				en,
				Base,
			);
			mainGroup = 37717EFC22DE1D3D000B8A0B;
			productRefGroup = 37717F0622DE1D3D000B8A0B /* Products */;
			projectDirPath = "";
			projectRoot = "";
			targets = (
				37717F0422DE1D3D000B8A0B /* PokemonAR */,
			);
		};
/* End PBXProject section */

/* Begin PBXResourcesBuildPhase section */
		37717F0322DE1D3D000B8A0B /* Resources */ = {
			isa = PBXResourcesBuildPhase;
			buildActionMask = 2147483647;
			files = (
				37717F0B22DE1D3D000B8A0B /* art.scnassets in Resources */,
				37717F1522DE1D3D000B8A0B /* LaunchScreen.storyboard in Resources */,
				37717F1222DE1D3D000B8A0B /* Assets.xcassets in Resources */,
				37717F1022DE1D3D000B8A0B /* Main.storyboard in Resources */,
			);
			runOnlyForDeploymentPostprocessing = 0;
		};
/* End PBXResourcesBuildPhase section */

/* Begin PBXSourcesBuildPhase section */
		37717F0122DE1D3D000B8A0B /* Sources */ = {
			isa = PBXSourcesBuildPhase;
			buildActionMask = 2147483647;
			files = (
				37717F0D22DE1D3D000B8A0B /* ViewController.swift in Sources */,
				37717F0922DE1D3D000B8A0B /* AppDelegate.swift in Sources */,
			);
			runOnlyForDeploymentPostprocessing = 0;
		};
/* End PBXSourcesBuildPhase section */

/* Begin PBXVariantGroup section */
		37717F0E22DE1D3D000B8A0B /* Main.storyboard */ = {
			isa = PBXVariantGroup;
			children = (
				37717F0F22DE1D3D000B8A0B /* Base */,
			);
			name = Main.storyboard;
			sourceTree = "<group>";
		};
		37717F1322DE1D3D000B8A0B /* LaunchScreen.storyboard */ = {
			isa = PBXVariantGroup;
			children = (
				37717F1422DE1D3D000B8A0B /* Base */,
			);
			name = LaunchScreen.storyboard;
			sourceTree = "<group>";
		};
/* End PBXVariantGroup section */

/* Begin XCBuildConfiguration section */
		37717F1722DE1D3D000B8A0B /* Debug */ = {
			isa = XCBuildConfiguration;
			buildSettings = {
				ALWAYS_SEARCH_USER_PATHS = NO;
				CLANG_ANALYZER_NONNULL = YES;
				CLANG_ANALYZER_NUMBER_OBJECT_CONVERSION = YES_AGGRESSIVE;
				CLANG_CXX_LANGUAGE_STANDARD = "gnu++14";
				CLANG_CXX_LIBRARY = "libc++";
				CLANG_ENABLE_MODULES = YES;
				CLANG_ENABLE_OBJC_ARC = YES;
				CLANG_ENABLE_OBJC_WEAK = YES;
				CLANG_WARN_BLOCK_CAPTURE_AUTORELEASING = YES;
				CLANG_WARN_BOOL_CONVERSION = YES;
				CLANG_WARN_COMMA = YES;
				CLANG_WARN_CONSTANT_CONVERSION = YES;
				CLANG_WARN_DEPRECATED_OBJC_IMPLEMENTATIONS = YES;
				CLANG_WARN_DIRECT_OBJC_ISA_USAGE = YES_ERROR;
				CLANG_WARN_DOCUMENTATION_COMMENTS = YES;
				CLANG_WARN_EMPTY_BODY = YES;
				CLANG_WARN_ENUM_CONVERSION = YES;
				CLANG_WARN_INFINITE_RECURSION = YES;
				CLANG_WARN_INT_CONVERSION = YES;
				CLANG_WARN_NON_LITERAL_NULL_CONVERSION = YES;
				CLANG_WARN_OBJC_IMPLICIT_RETAIN_SELF = YES;
				CLANG_WARN_OBJC_LITERAL_CONVERSION = YES;
				CLANG_WARN_OBJC_ROOT_CLASS = YES_ERROR;
				CLANG_WARN_RANGE_LOOP_ANALYSIS = YES;
				CLANG_WARN_STRICT_PROTOTYPES = YES;
				CLANG_WARN_SUSPICIOUS_MOVE = YES;
				CLANG_WARN_UNGUARDED_AVAILABILITY = YES_AGGRESSIVE;
				CLANG_WARN_UNREACHABLE_CODE = YES;
				CLANG_WARN__DUPLICATE_METHOD_MATCH = YES;
				CODE_SIGN_IDENTITY = "iPhone Developer";
				COPY_PHASE_STRIP = NO;
				DEBUG_INFORMATION_FORMAT = dwarf;
				ENABLE_STRICT_OBJC_MSGSEND = YES;
				ENABLE_TESTABILITY = YES;
				GCC_C_LANGUAGE_STANDARD = gnu11;
				GCC_DYNAMIC_NO_PIC = NO;
				GCC_NO_COMMON_BLOCKS = YES;
				GCC_OPTIMIZATION_LEVEL = 0;
				GCC_PREPROCESSOR_DEFINITIONS = (
					"DEBUG=1",
					"$(inherited)",
				);
				GCC_WARN_64_TO_32_BIT_CONVERSION = YES;
				GCC_WARN_ABOUT_RETURN_TYPE = YES_ERROR;
				GCC_WARN_UNDECLARED_SELECTOR = YES;
				GCC_WARN_UNINITIALIZED_AUTOS = YES_AGGRESSIVE;
				GCC_WARN_UNUSED_FUNCTION = YES;
				GCC_WARN_UNUSED_VARIABLE = YES;
				IPHONEOS_DEPLOYMENT_TARGET = 12.1;
				MTL_ENABLE_DEBUG_INFO = INCLUDE_SOURCE;
				MTL_FAST_MATH = YES;
				ONLY_ACTIVE_ARCH = YES;
				SDKROOT = iphoneos;
				SWIFT_ACTIVE_COMPILATION_CONDITIONS = DEBUG;
				SWIFT_OPTIMIZATION_LEVEL = "-Onone";
			};
			name = Debug;
		};
		37717F1822DE1D3D000B8A0B /* Release */ = {
			isa = XCBuildConfiguration;
			buildSettings = {
				ALWAYS_SEARCH_USER_PATHS = NO;
				CLANG_ANALYZER_NONNULL = YES;
				CLANG_ANALYZER_NUMBER_OBJECT_CONVERSION = YES_AGGRESSIVE;
				CLANG_CXX_LANGUAGE_STANDARD = "gnu++14";
				CLANG_CXX_LIBRARY = "libc++";
				CLANG_ENABLE_MODULES = YES;
				CLANG_ENABLE_OBJC_ARC = YES;
				CLANG_ENABLE_OBJC_WEAK = YES;
				CLANG_WARN_BLOCK_CAPTURE_AUTORELEASING = YES;
				CLANG_WARN_BOOL_CONVERSION = YES;
				CLANG_WARN_COMMA = YES;
				CLANG_WARN_CONSTANT_CONVERSION = YES;
				CLANG_WARN_DEPRECATED_OBJC_IMPLEMENTATIONS = YES;
				CLANG_WARN_DIRECT_OBJC_ISA_USAGE = YES_ERROR;
				CLANG_WARN_DOCUMENTATION_COMMENTS = YES;
				CLANG_WARN_EMPTY_BODY = YES;
				CLANG_WARN_ENUM_CONVERSION = YES;
				CLANG_WARN_INFINITE_RECURSION = YES;
				CLANG_WARN_INT_CONVERSION = YES;
				CLANG_WARN_NON_LITERAL_NULL_CONVERSION = YES;
				CLANG_WARN_OBJC_IMPLICIT_RETAIN_SELF = YES;
				CLANG_WARN_OBJC_LITERAL_CONVERSION = YES;
				CLANG_WARN_OBJC_ROOT_CLASS = YES_ERROR;
				CLANG_WARN_RANGE_LOOP_ANALYSIS = YES;
				CLANG_WARN_STRICT_PROTOTYPES = YES;
				CLANG_WARN_SUSPICIOUS_MOVE = YES;
				CLANG_WARN_UNGUARDED_AVAILABILITY = YES_AGGRESSIVE;
				CLANG_WARN_UNREACHABLE_CODE = YES;
				CLANG_WARN__DUPLICATE_METHOD_MATCH = YES;
				CODE_SIGN_IDENTITY = "iPhone Developer";
				COPY_PHASE_STRIP = NO;
				DEBUG_INFORMATION_FORMAT = "dwarf-with-dsym";
				ENABLE_NS_ASSERTIONS = NO;
				ENABLE_STRICT_OBJC_MSGSEND = YES;
				GCC_C_LANGUAGE_STANDARD = gnu11;
				GCC_NO_COMMON_BLOCKS = YES;
				GCC_WARN_64_TO_32_BIT_CONVERSION = YES;
				GCC_WARN_ABOUT_RETURN_TYPE = YES_ERROR;
				GCC_WARN_UNDECLARED_SELECTOR = YES;
				GCC_WARN_UNINITIALIZED_AUTOS = YES_AGGRESSIVE;
				GCC_WARN_UNUSED_FUNCTION = YES;
				GCC_WARN_UNUSED_VARIABLE = YES;
				IPHONEOS_DEPLOYMENT_TARGET = 12.1;
				MTL_ENABLE_DEBUG_INFO = NO;
				MTL_FAST_MATH = YES;
				SDKROOT = iphoneos;
				SWIFT_COMPILATION_MODE = wholemodule;
				SWIFT_OPTIMIZATION_LEVEL = "-O";
				VALIDATE_PRODUCT = YES;
			};
			name = Release;
		};
		37717F1A22DE1D3D000B8A0B /* Debug */ = {
			isa = XCBuildConfiguration;
			buildSettings = {
				ASSETCATALOG_COMPILER_APPICON_NAME = AppIcon;
				CODE_SIGN_STYLE = Automatic;
				DEVELOPMENT_TEAM = CDRY7VVZEZ;
				INFOPLIST_FILE = PokemonAR/Info.plist;
				LD_RUNPATH_SEARCH_PATHS = (
					"$(inherited)",
					"@executable_path/Frameworks",
				);
				PRODUCT_BUNDLE_IDENTIFIER = com.IZUMIRU.PokemonAR;
				PRODUCT_NAME = "$(TARGET_NAME)";
				SWIFT_VERSION = 4.2;
				TARGETED_DEVICE_FAMILY = "1,2";
			};
			name = Debug;
		};
		37717F1B22DE1D3D000B8A0B /* Release */ = {
			isa = XCBuildConfiguration;
			buildSettings = {
				ASSETCATALOG_COMPILER_APPICON_NAME = AppIcon;
				CODE_SIGN_STYLE = Automatic;
				DEVELOPMENT_TEAM = CDRY7VVZEZ;
				INFOPLIST_FILE = PokemonAR/Info.plist;
				LD_RUNPATH_SEARCH_PATHS = (
					"$(inherited)",
					"@executable_path/Frameworks",
				);
				PRODUCT_BUNDLE_IDENTIFIER = com.IZUMIRU.PokemonAR;
				PRODUCT_NAME = "$(TARGET_NAME)";
				SWIFT_VERSION = 4.2;
				TARGETED_DEVICE_FAMILY = "1,2";
			};
			name = Release;
		};
/* End XCBuildConfiguration section */

/* Begin XCConfigurationList section */
		37717F0022DE1D3D000B8A0B /* Build configuration list for PBXProject "PokemonAR" */ = {
			isa = XCConfigurationList;
			buildConfigurations = (
				37717F1722DE1D3D000B8A0B /* Debug */,
				37717F1822DE1D3D000B8A0B /* Release */,
			);
			defaultConfigurationIsVisible = 0;
			defaultConfigurationName = Release;
		};
		37717F1922DE1D3D000B8A0B /* Build configuration list for PBXNativeTarget "PokemonAR" */ = {
			isa = XCConfigurationList;
			buildConfigurations = (
				37717F1A22DE1D3D000B8A0B /* Debug */,
				37717F1B22DE1D3D000B8A0B /* Release */,
			);
			defaultConfigurationIsVisible = 0;
			defaultConfigurationName = Release;
		};
/* End XCConfigurationList section */
	};
	rootObject = 37717EFD22DE1D3D000B8A0B /* Project object */;
}
